// !$*UTF8*$!
{
	archiveVersion = 1;
	classes = {
	};
	objectVersion = 56;
	objects = {

/* Begin PBXBuildFile section */
		89B55D392D3C37A300C4EFB1 /* pia13swiftbranchesApp.swift in Sources */ = {isa = PBXBuildFile; fileRef = 89B55D382D3C37A300C4EFB1 /* pia13swiftbranchesApp.swift */; };
		89B55D3B2D3C37A300C4EFB1 /* ContentView.swift in Sources */ = {isa = PBXBuildFile; fileRef = 89B55D3A2D3C37A300C4EFB1 /* ContentView.swift */; };
		89B55D3D2D3C37A500C4EFB1 /* Assets.xcassets in Resources */ = {isa = PBXBuildFile; fileRef = 89B55D3C2D3C37A500C4EFB1 /* Assets.xcassets */; };
		89B55D402D3C37A500C4EFB1 /* Preview Assets.xcassets in Resources */ = {isa = PBXBuildFile; fileRef = 89B55D3F2D3C37A500C4EFB1 /* Preview Assets.xcassets */; };
		89B55D4A2D3C37A600C4EFB1 /* pia13swiftbranchesTests.swift in Sources */ = {isa = PBXBuildFile; fileRef = 89B55D492D3C37A600C4EFB1 /* pia13swiftbranchesTests.swift */; };
		89B55D542D3C37A600C4EFB1 /* pia13swiftbranchesUITests.swift in Sources */ = {isa = PBXBuildFile; fileRef = 89B55D532D3C37A600C4EFB1 /* pia13swiftbranchesUITests.swift */; };
		89B55D562D3C37A600C4EFB1 /* pia13swiftbranchesUITestsLaunchTests.swift in Sources */ = {isa = PBXBuildFile; fileRef = 89B55D552D3C37A600C4EFB1 /* pia13swiftbranchesUITestsLaunchTests.swift */; };
/* End PBXBuildFile section */

/* Begin PBXContainerItemProxy section */
		89B55D462D3C37A600C4EFB1 /* PBXContainerItemProxy */ = {
			isa = PBXContainerItemProxy;
			containerPortal = 89B55D2D2D3C37A300C4EFB1 /* Project object */;
			proxyType = 1;
			remoteGlobalIDString = 89B55D342D3C37A300C4EFB1;
			remoteInfo = pia13swiftbranches;
		};
		89B55D502D3C37A600C4EFB1 /* PBXContainerItemProxy */ = {
			isa = PBXContainerItemProxy;
			containerPortal = 89B55D2D2D3C37A300C4EFB1 /* Project object */;
			proxyType = 1;
			remoteGlobalIDString = 89B55D342D3C37A300C4EFB1;
			remoteInfo = pia13swiftbranches;
		};
/* End PBXContainerItemProxy section */

/* Begin PBXFileReference section */
		89B55D352D3C37A300C4EFB1 /* pia13swiftbranches.app */ = {isa = PBXFileReference; explicitFileType = wrapper.application; includeInIndex = 0; path = pia13swiftbranches.app; sourceTree = BUILT_PRODUCTS_DIR; };
		89B55D382D3C37A300C4EFB1 /* pia13swiftbranchesApp.swift */ = {isa = PBXFileReference; lastKnownFileType = sourcecode.swift; path = pia13swiftbranchesApp.swift; sourceTree = "<group>"; };
		89B55D3A2D3C37A300C4EFB1 /* ContentView.swift */ = {isa = PBXFileReference; lastKnownFileType = sourcecode.swift; path = ContentView.swift; sourceTree = "<group>"; };
		89B55D3C2D3C37A500C4EFB1 /* Assets.xcassets */ = {isa = PBXFileReference; lastKnownFileType = folder.assetcatalog; path = Assets.xcassets; sourceTree = "<group>"; };
		89B55D3F2D3C37A500C4EFB1 /* Preview Assets.xcassets */ = {isa = PBXFileReference; lastKnownFileType = folder.assetcatalog; path = "Preview Assets.xcassets"; sourceTree = "<group>"; };
		89B55D452D3C37A600C4EFB1 /* pia13swiftbranchesTests.xctest */ = {isa = PBXFileReference; explicitFileType = wrapper.cfbundle; includeInIndex = 0; path = pia13swiftbranchesTests.xctest; sourceTree = BUILT_PRODUCTS_DIR; };
		89B55D492D3C37A600C4EFB1 /* pia13swiftbranchesTests.swift */ = {isa = PBXFileReference; lastKnownFileType = sourcecode.swift; path = pia13swiftbranchesTests.swift; sourceTree = "<group>"; };
		89B55D4F2D3C37A600C4EFB1 /* pia13swiftbranchesUITests.xctest */ = {isa = PBXFileReference; explicitFileType = wrapper.cfbundle; includeInIndex = 0; path = pia13swiftbranchesUITests.xctest; sourceTree = BUILT_PRODUCTS_DIR; };
		89B55D532D3C37A600C4EFB1 /* pia13swiftbranchesUITests.swift */ = {isa = PBXFileReference; lastKnownFileType = sourcecode.swift; path = pia13swiftbranchesUITests.swift; sourceTree = "<group>"; };
		89B55D552D3C37A600C4EFB1 /* pia13swiftbranchesUITestsLaunchTests.swift */ = {isa = PBXFileReference; lastKnownFileType = sourcecode.swift; path = pia13swiftbranchesUITestsLaunchTests.swift; sourceTree = "<group>"; };
/* End PBXFileReference section */

/* Begin PBXFrameworksBuildPhase section */
		89B55D322D3C37A300C4EFB1 /* Frameworks */ = {
			isa = PBXFrameworksBuildPhase;
			buildActionMask = 2147483647;
			files = (
			);
			runOnlyForDeploymentPostprocessing = 0;
		};
		89B55D422D3C37A600C4EFB1 /* Frameworks */ = {
			isa = PBXFrameworksBuildPhase;
			buildActionMask = 2147483647;
			files = (
			);
			runOnlyForDeploymentPostprocessing = 0;
		};
		89B55D4C2D3C37A600C4EFB1 /* Frameworks */ = {
			isa = PBXFrameworksBuildPhase;
			buildActionMask = 2147483647;
			files = (
			);
			runOnlyForDeploymentPostprocessing = 0;
		};
/* End PBXFrameworksBuildPhase section */

/* Begin PBXGroup section */
		89B55D2C2D3C37A300C4EFB1 = {
			isa = PBXGroup;
			children = (
				89B55D372D3C37A300C4EFB1 /* pia13swiftbranches */,
				89B55D482D3C37A600C4EFB1 /* pia13swiftbranchesTests */,
				89B55D522D3C37A600C4EFB1 /* pia13swiftbranchesUITests */,
				89B55D362D3C37A300C4EFB1 /* Products */,
			);
			sourceTree = "<group>";
		};
		89B55D362D3C37A300C4EFB1 /* Products */ = {
			isa = PBXGroup;
			children = (
				89B55D352D3C37A300C4EFB1 /* pia13swiftbranches.app */,
				89B55D452D3C37A600C4EFB1 /* pia13swiftbranchesTests.xctest */,
				89B55D4F2D3C37A600C4EFB1 /* pia13swiftbranchesUITests.xctest */,
			);
			name = Products;
			sourceTree = "<group>";
		};
		89B55D372D3C37A300C4EFB1 /* pia13swiftbranches */ = {
			isa = PBXGroup;
			children = (
				89B55D382D3C37A300C4EFB1 /* pia13swiftbranchesApp.swift */,
				89B55D3A2D3C37A300C4EFB1 /* ContentView.swift */,
				89B55D3C2D3C37A500C4EFB1 /* Assets.xcassets */,
				89B55D3E2D3C37A500C4EFB1 /* Preview Content */,
			);
			path = pia13swiftbranches;
			sourceTree = "<group>";
		};
		89B55D3E2D3C37A500C4EFB1 /* Preview Content */ = {
			isa = PBXGroup;
			children = (
				89B55D3F2D3C37A500C4EFB1 /* Preview Assets.xcassets */,
			);
			path = "Preview Content";
			sourceTree = "<group>";
		};
		89B55D482D3C37A600C4EFB1 /* pia13swiftbranchesTests */ = {
			isa = PBXGroup;
			children = (
				89B55D492D3C37A600C4EFB1 /* pia13swiftbranchesTests.swift */,
			);
			path = pia13swiftbranchesTests;
			sourceTree = "<group>";
		};
		89B55D522D3C37A600C4EFB1 /* pia13swiftbranchesUITests */ = {
			isa = PBXGroup;
			children = (
				89B55D532D3C37A600C4EFB1 /* pia13swiftbranchesUITests.swift */,
				89B55D552D3C37A600C4EFB1 /* pia13swiftbranchesUITestsLaunchTests.swift */,
			);
			path = pia13swiftbranchesUITests;
			sourceTree = "<group>";
		};
/* End PBXGroup section */

/* Begin PBXNativeTarget section */
		89B55D342D3C37A300C4EFB1 /* pia13swiftbranches */ = {
			isa = PBXNativeTarget;
			buildConfigurationList = 89B55D592D3C37A600C4EFB1 /* Build configuration list for PBXNativeTarget "pia13swiftbranches" */;
			buildPhases = (
				89B55D312D3C37A300C4EFB1 /* Sources */,
				89B55D322D3C37A300C4EFB1 /* Frameworks */,
				89B55D332D3C37A300C4EFB1 /* Resources */,
			);
			buildRules = (
			);
			dependencies = (
			);
			name = pia13swiftbranches;
			productName = pia13swiftbranches;
			productReference = 89B55D352D3C37A300C4EFB1 /* pia13swiftbranches.app */;
			productType = "com.apple.product-type.application";
		};
		89B55D442D3C37A600C4EFB1 /* pia13swiftbranchesTests */ = {
			isa = PBXNativeTarget;
			buildConfigurationList = 89B55D5C2D3C37A600C4EFB1 /* Build configuration list for PBXNativeTarget "pia13swiftbranchesTests" */;
			buildPhases = (
				89B55D412D3C37A600C4EFB1 /* Sources */,
				89B55D422D3C37A600C4EFB1 /* Frameworks */,
				89B55D432D3C37A600C4EFB1 /* Resources */,
			);
			buildRules = (
			);
			dependencies = (
				89B55D472D3C37A600C4EFB1 /* PBXTargetDependency */,
			);
			name = pia13swiftbranchesTests;
			productName = pia13swiftbranchesTests;
			productReference = 89B55D452D3C37A600C4EFB1 /* pia13swiftbranchesTests.xctest */;
			productType = "com.apple.product-type.bundle.unit-test";
		};
		89B55D4E2D3C37A600C4EFB1 /* pia13swiftbranchesUITests */ = {
			isa = PBXNativeTarget;
			buildConfigurationList = 89B55D5F2D3C37A600C4EFB1 /* Build configuration list for PBXNativeTarget "pia13swiftbranchesUITests" */;
			buildPhases = (
				89B55D4B2D3C37A600C4EFB1 /* Sources */,
				89B55D4C2D3C37A600C4EFB1 /* Frameworks */,
				89B55D4D2D3C37A600C4EFB1 /* Resources */,
			);
			buildRules = (
			);
			dependencies = (
				89B55D512D3C37A600C4EFB1 /* PBXTargetDependency */,
			);
			name = pia13swiftbranchesUITests;
			productName = pia13swiftbranchesUITests;
			productReference = 89B55D4F2D3C37A600C4EFB1 /* pia13swiftbranchesUITests.xctest */;
			productType = "com.apple.product-type.bundle.ui-testing";
		};
/* End PBXNativeTarget section */

/* Begin PBXProject section */
		89B55D2D2D3C37A300C4EFB1 /* Project object */ = {
			isa = PBXProject;
			attributes = {
				BuildIndependentTargetsInParallel = 1;
				LastSwiftUpdateCheck = 1540;
				LastUpgradeCheck = 1540;
				TargetAttributes = {
					89B55D342D3C37A300C4EFB1 = {
						CreatedOnToolsVersion = 15.4;
					};
					89B55D442D3C37A600C4EFB1 = {
						CreatedOnToolsVersion = 15.4;
						TestTargetID = 89B55D342D3C37A300C4EFB1;
					};
					89B55D4E2D3C37A600C4EFB1 = {
						CreatedOnToolsVersion = 15.4;
						TestTargetID = 89B55D342D3C37A300C4EFB1;
					};
				};
			};
			buildConfigurationList = 89B55D302D3C37A300C4EFB1 /* Build configuration list for PBXProject "pia13swiftbranches" */;
			compatibilityVersion = "Xcode 14.0";
			developmentRegion = en;
			hasScannedForEncodings = 0;
			knownRegions = (
				en,
				Base,
			);
			mainGroup = 89B55D2C2D3C37A300C4EFB1;
			productRefGroup = 89B55D362D3C37A300C4EFB1 /* Products */;
			projectDirPath = "";
			projectRoot = "";
			targets = (
				89B55D342D3C37A300C4EFB1 /* pia13swiftbranches */,
				89B55D442D3C37A600C4EFB1 /* pia13swiftbranchesTests */,
				89B55D4E2D3C37A600C4EFB1 /* pia13swiftbranchesUITests */,
			);
		};
/* End PBXProject section */

/* Begin PBXResourcesBuildPhase section */
		89B55D332D3C37A300C4EFB1 /* Resources */ = {
			isa = PBXResourcesBuildPhase;
			buildActionMask = 2147483647;
			files = (
				89B55D402D3C37A500C4EFB1 /* Preview Assets.xcassets in Resources */,
				89B55D3D2D3C37A500C4EFB1 /* Assets.xcassets in Resources */,
			);
			runOnlyForDeploymentPostprocessing = 0;
		};
		89B55D432D3C37A600C4EFB1 /* Resources */ = {
			isa = PBXResourcesBuildPhase;
			buildActionMask = 2147483647;
			files = (
			);
			runOnlyForDeploymentPostprocessing = 0;
		};
		89B55D4D2D3C37A600C4EFB1 /* Resources */ = {
			isa = PBXResourcesBuildPhase;
			buildActionMask = 2147483647;
			files = (
			);
			runOnlyForDeploymentPostprocessing = 0;
		};
/* End PBXResourcesBuildPhase section */

/* Begin PBXSourcesBuildPhase section */
		89B55D312D3C37A300C4EFB1 /* Sources */ = {
			isa = PBXSourcesBuildPhase;
			buildActionMask = 2147483647;
			files = (
				89B55D3B2D3C37A300C4EFB1 /* ContentView.swift in Sources */,
				89B55D392D3C37A300C4EFB1 /* pia13swiftbranchesApp.swift in Sources */,
			);
			runOnlyForDeploymentPostprocessing = 0;
		};
		89B55D412D3C37A600C4EFB1 /* Sources */ = {
			isa = PBXSourcesBuildPhase;
			buildActionMask = 2147483647;
			files = (
				89B55D4A2D3C37A600C4EFB1 /* pia13swiftbranchesTests.swift in Sources */,
			);
			runOnlyForDeploymentPostprocessing = 0;
		};
		89B55D4B2D3C37A600C4EFB1 /* Sources */ = {
			isa = PBXSourcesBuildPhase;
			buildActionMask = 2147483647;
			files = (
				89B55D542D3C37A600C4EFB1 /* pia13swiftbranchesUITests.swift in Sources */,
				89B55D562D3C37A600C4EFB1 /* pia13swiftbranchesUITestsLaunchTests.swift in Sources */,
			);
			runOnlyForDeploymentPostprocessing = 0;
		};
/* End PBXSourcesBuildPhase section */

/* Begin PBXTargetDependency section */
		89B55D472D3C37A600C4EFB1 /* PBXTargetDependency */ = {
			isa = PBXTargetDependency;
			target = 89B55D342D3C37A300C4EFB1 /* pia13swiftbranches */;
			targetProxy = 89B55D462D3C37A600C4EFB1 /* PBXContainerItemProxy */;
		};
		89B55D512D3C37A600C4EFB1 /* PBXTargetDependency */ = {
			isa = PBXTargetDependency;
			target = 89B55D342D3C37A300C4EFB1 /* pia13swiftbranches */;
			targetProxy = 89B55D502D3C37A600C4EFB1 /* PBXContainerItemProxy */;
		};
/* End PBXTargetDependency section */

/* Begin XCBuildConfiguration section */
		89B55D572D3C37A600C4EFB1 /* Debug */ = {
			isa = XCBuildConfiguration;
			buildSettings = {
				ALWAYS_SEARCH_USER_PATHS = NO;
				ASSETCATALOG_COMPILER_GENERATE_SWIFT_ASSET_SYMBOL_EXTENSIONS = YES;
				CLANG_ANALYZER_NONNULL = YES;
				CLANG_ANALYZER_NUMBER_OBJECT_CONVERSION = YES_AGGRESSIVE;
				CLANG_CXX_LANGUAGE_STANDARD = "gnu++20";
				CLANG_ENABLE_MODULES = YES;
				CLANG_ENABLE_OBJC_ARC = YES;
				CLANG_ENABLE_OBJC_WEAK = YES;
				CLANG_WARN_BLOCK_CAPTURE_AUTORELEASING = YES;
				CLANG_WARN_BOOL_CONVERSION = YES;
				CLANG_WARN_COMMA = YES;
				CLANG_WARN_CONSTANT_CONVERSION = YES;
				CLANG_WARN_DEPRECATED_OBJC_IMPLEMENTATIONS = YES;
				CLANG_WARN_DIRECT_OBJC_ISA_USAGE = YES_ERROR;
				CLANG_WARN_DOCUMENTATION_COMMENTS = YES;
				CLANG_WARN_EMPTY_BODY = YES;
				CLANG_WARN_ENUM_CONVERSION = YES;
				CLANG_WARN_INFINITE_RECURSION = YES;
				CLANG_WARN_INT_CONVERSION = YES;
				CLANG_WARN_NON_LITERAL_NULL_CONVERSION = YES;
				CLANG_WARN_OBJC_IMPLICIT_RETAIN_SELF = YES;
				CLANG_WARN_OBJC_LITERAL_CONVERSION = YES;
				CLANG_WARN_OBJC_ROOT_CLASS = YES_ERROR;
				CLANG_WARN_QUOTED_INCLUDE_IN_FRAMEWORK_HEADER = YES;
				CLANG_WARN_RANGE_LOOP_ANALYSIS = YES;
				CLANG_WARN_STRICT_PROTOTYPES = YES;
				CLANG_WARN_SUSPICIOUS_MOVE = YES;
				CLANG_WARN_UNGUARDED_AVAILABILITY = YES_AGGRESSIVE;
				CLANG_WARN_UNREACHABLE_CODE = YES;
				CLANG_WARN__DUPLICATE_METHOD_MATCH = YES;
				COPY_PHASE_STRIP = NO;
				DEBUG_INFORMATION_FORMAT = dwarf;
				ENABLE_STRICT_OBJC_MSGSEND = YES;
				ENABLE_TESTABILITY = YES;
				ENABLE_USER_SCRIPT_SANDBOXING = YES;
				GCC_C_LANGUAGE_STANDARD = gnu17;
				GCC_DYNAMIC_NO_PIC = NO;
				GCC_NO_COMMON_BLOCKS = YES;
				GCC_OPTIMIZATION_LEVEL = 0;
				GCC_PREPROCESSOR_DEFINITIONS = (
					"DEBUG=1",
					"$(inherited)",
				);
				GCC_WARN_64_TO_32_BIT_CONVERSION = YES;
				GCC_WARN_ABOUT_RETURN_TYPE = YES_ERROR;
				GCC_WARN_UNDECLARED_SELECTOR = YES;
				GCC_WARN_UNINITIALIZED_AUTOS = YES_AGGRESSIVE;
				GCC_WARN_UNUSED_FUNCTION = YES;
				GCC_WARN_UNUSED_VARIABLE = YES;
				IPHONEOS_DEPLOYMENT_TARGET = 17.5;
				LOCALIZATION_PREFERS_STRING_CATALOGS = YES;
				MTL_ENABLE_DEBUG_INFO = INCLUDE_SOURCE;
				MTL_FAST_MATH = YES;
				ONLY_ACTIVE_ARCH = YES;
				SDKROOT = iphoneos;
				SWIFT_ACTIVE_COMPILATION_CONDITIONS = "DEBUG $(inherited)";
				SWIFT_OPTIMIZATION_LEVEL = "-Onone";
			};
			name = Debug;
		};
		89B55D582D3C37A600C4EFB1 /* Release */ = {
			isa = XCBuildConfiguration;
			buildSettings = {
				ALWAYS_SEARCH_USER_PATHS = NO;
				ASSETCATALOG_COMPILER_GENERATE_SWIFT_ASSET_SYMBOL_EXTENSIONS = YES;
				CLANG_ANALYZER_NONNULL = YES;
				CLANG_ANALYZER_NUMBER_OBJECT_CONVERSION = YES_AGGRESSIVE;
				CLANG_CXX_LANGUAGE_STANDARD = "gnu++20";
				CLANG_ENABLE_MODULES = YES;
				CLANG_ENABLE_OBJC_ARC = YES;
				CLANG_ENABLE_OBJC_WEAK = YES;
				CLANG_WARN_BLOCK_CAPTURE_AUTORELEASING = YES;
				CLANG_WARN_BOOL_CONVERSION = YES;
				CLANG_WARN_COMMA = YES;
				CLANG_WARN_CONSTANT_CONVERSION = YES;
				CLANG_WARN_DEPRECATED_OBJC_IMPLEMENTATIONS = YES;
				CLANG_WARN_DIRECT_OBJC_ISA_USAGE = YES_ERROR;
				CLANG_WARN_DOCUMENTATION_COMMENTS = YES;
				CLANG_WARN_EMPTY_BODY = YES;
				CLANG_WARN_ENUM_CONVERSION = YES;
				CLANG_WARN_INFINITE_RECURSION = YES;
				CLANG_WARN_INT_CONVERSION = YES;
				CLANG_WARN_NON_LITERAL_NULL_CONVERSION = YES;
				CLANG_WARN_OBJC_IMPLICIT_RETAIN_SELF = YES;
				CLANG_WARN_OBJC_LITERAL_CONVERSION = YES;
				CLANG_WARN_OBJC_ROOT_CLASS = YES_ERROR;
				CLANG_WARN_QUOTED_INCLUDE_IN_FRAMEWORK_HEADER = YES;
				CLANG_WARN_RANGE_LOOP_ANALYSIS = YES;
				CLANG_WARN_STRICT_PROTOTYPES = YES;
				CLANG_WARN_SUSPICIOUS_MOVE = YES;
				CLANG_WARN_UNGUARDED_AVAILABILITY = YES_AGGRESSIVE;
				CLANG_WARN_UNREACHABLE_CODE = YES;
				CLANG_WARN__DUPLICATE_METHOD_MATCH = YES;
				COPY_PHASE_STRIP = NO;
				DEBUG_INFORMATION_FORMAT = "dwarf-with-dsym";
				ENABLE_NS_ASSERTIONS = NO;
				ENABLE_STRICT_OBJC_MSGSEND = YES;
				ENABLE_USER_SCRIPT_SANDBOXING = YES;
				GCC_C_LANGUAGE_STANDARD = gnu17;
				GCC_NO_COMMON_BLOCKS = YES;
				GCC_WARN_64_TO_32_BIT_CONVERSION = YES;
				GCC_WARN_ABOUT_RETURN_TYPE = YES_ERROR;
				GCC_WARN_UNDECLARED_SELECTOR = YES;
				GCC_WARN_UNINITIALIZED_AUTOS = YES_AGGRESSIVE;
				GCC_WARN_UNUSED_FUNCTION = YES;
				GCC_WARN_UNUSED_VARIABLE = YES;
				IPHONEOS_DEPLOYMENT_TARGET = 17.5;
				LOCALIZATION_PREFERS_STRING_CATALOGS = YES;
				MTL_ENABLE_DEBUG_INFO = NO;
				MTL_FAST_MATH = YES;
				SDKROOT = iphoneos;
				SWIFT_COMPILATION_MODE = wholemodule;
				VALIDATE_PRODUCT = YES;
			};
			name = Release;
		};
		89B55D5A2D3C37A600C4EFB1 /* Debug */ = {
			isa = XCBuildConfiguration;
			buildSettings = {
				ASSETCATALOG_COMPILER_APPICON_NAME = AppIcon;
				ASSETCATALOG_COMPILER_GLOBAL_ACCENT_COLOR_NAME = AccentColor;
				CODE_SIGN_STYLE = Automatic;
				CURRENT_PROJECT_VERSION = 1;
				DEVELOPMENT_ASSET_PATHS = "\"pia13swiftbranches/Preview Content\"";
				ENABLE_PREVIEWS = YES;
				GENERATE_INFOPLIST_FILE = YES;
				INFOPLIST_KEY_UIApplicationSceneManifest_Generation = YES;
				INFOPLIST_KEY_UIApplicationSupportsIndirectInputEvents = YES;
				INFOPLIST_KEY_UILaunchScreen_Generation = YES;
				INFOPLIST_KEY_UISupportedInterfaceOrientations_iPad = "UIInterfaceOrientationPortrait UIInterfaceOrientationPortraitUpsideDown UIInterfaceOrientationLandscapeLeft UIInterfaceOrientationLandscapeRight";
				INFOPLIST_KEY_UISupportedInterfaceOrientations_iPhone = "UIInterfaceOrientationPortrait UIInterfaceOrientationLandscapeLeft UIInterfaceOrientationLandscapeRight";
				LD_RUNPATH_SEARCH_PATHS = (
					"$(inherited)",
					"@executable_path/Frameworks",
				);
				MARKETING_VERSION = 1.0;
				PRODUCT_BUNDLE_IDENTIFIER = Kamila.Ponomarova.pia13swiftbranches;
				PRODUCT_NAME = "$(TARGET_NAME)";
				SWIFT_EMIT_LOC_STRINGS = YES;
				SWIFT_VERSION = 5.0;
				TARGETED_DEVICE_FAMILY = "1,2";
			};
			name = Debug;
		};
		89B55D5B2D3C37A600C4EFB1 /* Release */ = {
			isa = XCBuildConfiguration;
			buildSettings = {
				ASSETCATALOG_COMPILER_APPICON_NAME = AppIcon;
				ASSETCATALOG_COMPILER_GLOBAL_ACCENT_COLOR_NAME = AccentColor;
				CODE_SIGN_STYLE = Automatic;
				CURRENT_PROJECT_VERSION = 1;
				DEVELOPMENT_ASSET_PATHS = "\"pia13swiftbranches/Preview Content\"";
				ENABLE_PREVIEWS = YES;
				GENERATE_INFOPLIST_FILE = YES;
				INFOPLIST_KEY_UIApplicationSceneManifest_Generation = YES;
				INFOPLIST_KEY_UIApplicationSupportsIndirectInputEvents = YES;
				INFOPLIST_KEY_UILaunchScreen_Generation = YES;
				INFOPLIST_KEY_UISupportedInterfaceOrientations_iPad = "UIInterfaceOrientationPortrait UIInterfaceOrientationPortraitUpsideDown UIInterfaceOrientationLandscapeLeft UIInterfaceOrientationLandscapeRight";
				INFOPLIST_KEY_UISupportedInterfaceOrientations_iPhone = "UIInterfaceOrientationPortrait UIInterfaceOrientationLandscapeLeft UIInterfaceOrientationLandscapeRight";
				LD_RUNPATH_SEARCH_PATHS = (
					"$(inherited)",
					"@executable_path/Frameworks",
				);
				MARKETING_VERSION = 1.0;
				PRODUCT_BUNDLE_IDENTIFIER = Kamila.Ponomarova.pia13swiftbranches;
				PRODUCT_NAME = "$(TARGET_NAME)";
				SWIFT_EMIT_LOC_STRINGS = YES;
				SWIFT_VERSION = 5.0;
				TARGETED_DEVICE_FAMILY = "1,2";
			};
			name = Release;
		};
		89B55D5D2D3C37A600C4EFB1 /* Debug */ = {
			isa = XCBuildConfiguration;
			buildSettings = {
				ALWAYS_EMBED_SWIFT_STANDARD_LIBRARIES = YES;
				BUNDLE_LOADER = "$(TEST_HOST)";
				CODE_SIGN_STYLE = Automatic;
				CURRENT_PROJECT_VERSION = 1;
				GENERATE_INFOPLIST_FILE = YES;
				IPHONEOS_DEPLOYMENT_TARGET = 17.5;
				MARKETING_VERSION = 1.0;
				PRODUCT_BUNDLE_IDENTIFIER = Kamila.Ponomarova.pia13swiftbranchesTests;
				PRODUCT_NAME = "$(TARGET_NAME)";
				SWIFT_EMIT_LOC_STRINGS = NO;
				SWIFT_VERSION = 5.0;
				TARGETED_DEVICE_FAMILY = "1,2";
				TEST_HOST = "$(BUILT_PRODUCTS_DIR)/pia13swiftbranches.app/$(BUNDLE_EXECUTABLE_FOLDER_PATH)/pia13swiftbranches";
			};
			name = Debug;
		};
		89B55D5E2D3C37A600C4EFB1 /* Release */ = {
			isa = XCBuildConfiguration;
			buildSettings = {
				ALWAYS_EMBED_SWIFT_STANDARD_LIBRARIES = YES;
				BUNDLE_LOADER = "$(TEST_HOST)";
				CODE_SIGN_STYLE = Automatic;
				CURRENT_PROJECT_VERSION = 1;
				GENERATE_INFOPLIST_FILE = YES;
				IPHONEOS_DEPLOYMENT_TARGET = 17.5;
				MARKETING_VERSION = 1.0;
				PRODUCT_BUNDLE_IDENTIFIER = Kamila.Ponomarova.pia13swiftbranchesTests;
				PRODUCT_NAME = "$(TARGET_NAME)";
				SWIFT_EMIT_LOC_STRINGS = NO;
				SWIFT_VERSION = 5.0;
				TARGETED_DEVICE_FAMILY = "1,2";
				TEST_HOST = "$(BUILT_PRODUCTS_DIR)/pia13swiftbranches.app/$(BUNDLE_EXECUTABLE_FOLDER_PATH)/pia13swiftbranches";
			};
			name = Release;
		};
		89B55D602D3C37A600C4EFB1 /* Debug */ = {
			isa = XCBuildConfiguration;
			buildSettings = {
				ALWAYS_EMBED_SWIFT_STANDARD_LIBRARIES = YES;
				CODE_SIGN_STYLE = Automatic;
				CURRENT_PROJECT_VERSION = 1;
				GENERATE_INFOPLIST_FILE = YES;
				MARKETING_VERSION = 1.0;
				PRODUCT_BUNDLE_IDENTIFIER = Kamila.Ponomarova.pia13swiftbranchesUITests;
				PRODUCT_NAME = "$(TARGET_NAME)";
				SWIFT_EMIT_LOC_STRINGS = NO;
				SWIFT_VERSION = 5.0;
				TARGETED_DEVICE_FAMILY = "1,2";
				TEST_TARGET_NAME = pia13swiftbranches;
			};
			name = Debug;
		};
		89B55D612D3C37A600C4EFB1 /* Release */ = {
			isa = XCBuildConfiguration;
			buildSettings = {
				ALWAYS_EMBED_SWIFT_STANDARD_LIBRARIES = YES;
				CODE_SIGN_STYLE = Automatic;
				CURRENT_PROJECT_VERSION = 1;
				GENERATE_INFOPLIST_FILE = YES;
				MARKETING_VERSION = 1.0;
				PRODUCT_BUNDLE_IDENTIFIER = Kamila.Ponomarova.pia13swiftbranchesUITests;
				PRODUCT_NAME = "$(TARGET_NAME)";
				SWIFT_EMIT_LOC_STRINGS = NO;
				SWIFT_VERSION = 5.0;
				TARGETED_DEVICE_FAMILY = "1,2";
				TEST_TARGET_NAME = pia13swiftbranches;
			};
			name = Release;
		};
/* End XCBuildConfiguration section */

/* Begin XCConfigurationList section */
		89B55D302D3C37A300C4EFB1 /* Build configuration list for PBXProject "pia13swiftbranches" */ = {
			isa = XCConfigurationList;
			buildConfigurations = (
				89B55D572D3C37A600C4EFB1 /* Debug */,
				89B55D582D3C37A600C4EFB1 /* Release */,
			);
			defaultConfigurationIsVisible = 0;
			defaultConfigurationName = Release;
		};
		89B55D592D3C37A600C4EFB1 /* Build configuration list for PBXNativeTarget "pia13swiftbranches" */ = {
			isa = XCConfigurationList;
			buildConfigurations = (
				89B55D5A2D3C37A600C4EFB1 /* Debug */,
				89B55D5B2D3C37A600C4EFB1 /* Release */,
			);
			defaultConfigurationIsVisible = 0;
			defaultConfigurationName = Release;
		};
		89B55D5C2D3C37A600C4EFB1 /* Build configuration list for PBXNativeTarget "pia13swiftbranchesTests" */ = {
			isa = XCConfigurationList;
			buildConfigurations = (
				89B55D5D2D3C37A600C4EFB1 /* Debug */,
				89B55D5E2D3C37A600C4EFB1 /* Release */,
			);
			defaultConfigurationIsVisible = 0;
			defaultConfigurationName = Release;
		};
		89B55D5F2D3C37A600C4EFB1 /* Build configuration list for PBXNativeTarget "pia13swiftbranchesUITests" */ = {
			isa = XCConfigurationList;
			buildConfigurations = (
				89B55D602D3C37A600C4EFB1 /* Debug */,
				89B55D612D3C37A600C4EFB1 /* Release */,
			);
			defaultConfigurationIsVisible = 0;
			defaultConfigurationName = Release;
		};
/* End XCConfigurationList section */
	};
	rootObject = 89B55D2D2D3C37A300C4EFB1 /* Project object */;
}
